
Microsoft Visual Studio Solution File, Format Version 12.00
# Visual Studio Version 17
VisualStudioVersion = 17.6.33829.357
MinimumVisualStudioVersion = 10.0.40219.1
Project("{2150E333-8FDC-42A3-9474-1A3956D46DE8}") = "06 Apps", "06 Apps", "{5F2C33C7-A15A-4565-AE81-7EDD6FDA64B0}"
EndProject
Project("{2150E333-8FDC-42A3-9474-1A3956D46DE8}") = "01 Docs", "01 Docs", "{8BCCE501-7D1F-40A1-9D4C-9451125B10B2}"
	ProjectSection(SolutionItems) = preProject
		01 Docs\Assignment_03_Security,  Ajax with RESTful API.docx = 01 Docs\Assignment_03_Security,  Ajax with RESTful API.docx
	EndProjectSection
EndProject
Project("{2150E333-8FDC-42A3-9474-1A3956D46DE8}") = "02 Libraries", "02 Libraries", "{98F4149D-96D9-4146-BEBD-8F0104BF8EDA}"
EndProject
Project("{2150E333-8FDC-42A3-9474-1A3956D46DE8}") = "03 Databases", "03 Databases", "{2375E7FD-E2D3-453F-BC70-25E8DBCE7495}"
EndProject
Project("{2150E333-8FDC-42A3-9474-1A3956D46DE8}") = "04 Codes", "04 Codes", "{E6A3C481-CB0A-4ABD-B156-CFDF5B280A70}"
EndProject
Project("{2150E333-8FDC-42A3-9474-1A3956D46DE8}") = "05 Hosts", "05 Hosts", "{7A54EA67-C77C-4FCD-B81E-F1AA708894C3}"
EndProject
Project("{2150E333-8FDC-42A3-9474-1A3956D46DE8}") = "07 Tests", "07 Tests", "{D812F978-FB75-464E-8543-3B3EC3F29F0B}"
EndProject
Project("{9A19103F-16F7-4668-BE54-9A1E7A4F7556}") = "Assignment03.BlazorWebApp", "06 Apps\Assignment03.BlazorWebApp\Assignment03.BlazorWebApp.csproj", "{2D292FF8-A97E-457E-9BE3-B2CB7340B834}"
EndProject
Project("{2150E333-8FDC-42A3-9474-1A3956D46DE8}") = "01 Entities", "01 Entities", "{D8560A13-1883-4499-9168-DB74D5307570}"
EndProject
Project("{2150E333-8FDC-42A3-9474-1A3956D46DE8}") = "02 Data", "02 Data", "{DA8AF06C-96FA-489C-A636-42441E1687C9}"
EndProject
Project("{2150E333-8FDC-42A3-9474-1A3956D46DE8}") = "03 Logic", "03 Logic", "{EFBE982F-1CE2-4987-9DB8-DE437E928002}"
EndProject
Project("{2150E333-8FDC-42A3-9474-1A3956D46DE8}") = "04 WebApi", "04 WebApi", "{80EE2282-52A0-4F42-9A48-80ED9D47C53B}"
EndProject
Project("{2150E333-8FDC-42A3-9474-1A3956D46DE8}") = "05 HttpClient", "05 HttpClient", "{891088BE-460C-452F-AFCD-597ABE5DDC77}"
EndProject
Project("{2150E333-8FDC-42A3-9474-1A3956D46DE8}") = "01 Entities", "01 Entities", "{10D7DE4B-071E-431F-A3E6-5DA8DAB71B6F}"
EndProject
Project("{2150E333-8FDC-42A3-9474-1A3956D46DE8}") = "02 Data", "02 Data", "{094C0045-8EF6-4994-8150-584A362A2981}"
EndProject
Project("{2150E333-8FDC-42A3-9474-1A3956D46DE8}") = "03 Logic", "03 Logic", "{9C04BD6F-AADA-450D-AE6A-B3B837445123}"
EndProject
Project("{2150E333-8FDC-42A3-9474-1A3956D46DE8}") = "04 WebApi", "04 WebApi", "{D6AA6CD0-4EC0-48DA-88DD-F52F43250B6A}"
EndProject
Project("{2150E333-8FDC-42A3-9474-1A3956D46DE8}") = "05 HttpClient", "05 HttpClient", "{0B77FAE6-821A-40BE-B7B6-B7F0616BA9A8}"
EndProject
Project("{9A19103F-16F7-4668-BE54-9A1E7A4F7556}") = "Assignment03.WebApiHost", "05 Hosts\Assignment03.WebApiHost\Assignment03.WebApiHost.csproj", "{66198AAC-5E70-4E88-BD74-BA15550F65B3}"
EndProject
Project("{9A19103F-16F7-4668-BE54-9A1E7A4F7556}") = "SharedLibrary.EntityProviders", "02 Libraries\01 Entities\SharedLibrary.EntityProviders\SharedLibrary.EntityProviders.csproj", "{93044136-71C9-4CEB-93BD-8A72658CB7B8}"
EndProject
Project("{9A19103F-16F7-4668-BE54-9A1E7A4F7556}") = "SharedLibrary.DataProviders", "02 Libraries\02 Data\SharedLibrary.DataProviders\SharedLibrary.DataProviders.csproj", "{ACED1F2D-9758-4FE0-9D85-F3E5CA2588D6}"
EndProject
Project("{9A19103F-16F7-4668-BE54-9A1E7A4F7556}") = "SharedLibrary.LogicProviders", "02 Libraries\03 Logic\SharedLibrary.LogicProviders\SharedLibrary.LogicProviders.csproj", "{1A72BED6-F119-4930-A9E4-73736143BF25}"
EndProject
Project("{9A19103F-16F7-4668-BE54-9A1E7A4F7556}") = "SharedLibrary.WebApiProviders", "02 Libraries\04 WebApi\SharedLibrary.WebApiProviders\SharedLibrary.WebApiProviders.csproj", "{C947DC59-7B23-400B-85AE-FF5BF96E3340}"
EndProject
Project("{9A19103F-16F7-4668-BE54-9A1E7A4F7556}") = "SharedLibrary.HttpClientProviders", "02 Libraries\05 HttpClient\SharedLibrary.HttpClientProviders\SharedLibrary.HttpClientProviders.csproj", "{E662BE99-C741-413A-9542-50AC86762DE9}"
EndProject
Project("{9A19103F-16F7-4668-BE54-9A1E7A4F7556}") = "Assignment03.EntityProviders", "04 Codes\01 Entities\Assignment03.EntityProviders\Assignment03.EntityProviders.csproj", "{43917664-CDD7-42FE-9D26-D76CF38991B4}"
EndProject
Project("{9A19103F-16F7-4668-BE54-9A1E7A4F7556}") = "Assignment03.DataProviders", "04 Codes\02 Data\Assignment03.DataProviders\Assignment03.DataProviders.csproj", "{FAB6DCB8-11FD-4937-89D8-E2E38AC58CE9}"
EndProject
Project("{9A19103F-16F7-4668-BE54-9A1E7A4F7556}") = "Assignment03.LogicProviders", "04 Codes\03 Logic\Assignment03.LogicProviders\Assignment03.LogicProviders.csproj", "{85EB220F-2CA9-4C9D-A3F8-8822E4C01025}"
EndProject
Project("{9A19103F-16F7-4668-BE54-9A1E7A4F7556}") = "Assignment03.WebApiProviders", "04 Codes\04 WebApi\Assignment03.WebApiProviders\Assignment03.WebApiProviders.csproj", "{148460E5-F470-4BE3-98A9-685F33845247}"
EndProject
Project("{9A19103F-16F7-4668-BE54-9A1E7A4F7556}") = "Assignment03.HttpClientProviders", "04 Codes\05 HttpClient\Assignment03.HttpClientProviders\Assignment03.HttpClientProviders.csproj", "{250D65F0-C232-4DD1-A676-890683E32ACB}"
EndProject
Global
	GlobalSection(SolutionConfigurationPlatforms) = preSolution
		Debug|Any CPU = Debug|Any CPU
		Release|Any CPU = Release|Any CPU
	EndGlobalSection
	GlobalSection(ProjectConfigurationPlatforms) = postSolution
		{2D292FF8-A97E-457E-9BE3-B2CB7340B834}.Debug|Any CPU.ActiveCfg = Debug|Any CPU
		{2D292FF8-A97E-457E-9BE3-B2CB7340B834}.Debug|Any CPU.Build.0 = Debug|Any CPU
		{2D292FF8-A97E-457E-9BE3-B2CB7340B834}.Release|Any CPU.ActiveCfg = Release|Any CPU
		{2D292FF8-A97E-457E-9BE3-B2CB7340B834}.Release|Any CPU.Build.0 = Release|Any CPU
		{66198AAC-5E70-4E88-BD74-BA15550F65B3}.Debug|Any CPU.ActiveCfg = Debug|Any CPU
		{66198AAC-5E70-4E88-BD74-BA15550F65B3}.Debug|Any CPU.Build.0 = Debug|Any CPU
		{66198AAC-5E70-4E88-BD74-BA15550F65B3}.Release|Any CPU.ActiveCfg = Release|Any CPU
		{66198AAC-5E70-4E88-BD74-BA15550F65B3}.Release|Any CPU.Build.0 = Release|Any CPU
		{93044136-71C9-4CEB-93BD-8A72658CB7B8}.Debug|Any CPU.ActiveCfg = Debug|Any CPU
		{93044136-71C9-4CEB-93BD-8A72658CB7B8}.Debug|Any CPU.Build.0 = Debug|Any CPU
		{93044136-71C9-4CEB-93BD-8A72658CB7B8}.Release|Any CPU.ActiveCfg = Release|Any CPU
		{93044136-71C9-4CEB-93BD-8A72658CB7B8}.Release|Any CPU.Build.0 = Release|Any CPU
		{ACED1F2D-9758-4FE0-9D85-F3E5CA2588D6}.Debug|Any CPU.ActiveCfg = Debug|Any CPU
		{ACED1F2D-9758-4FE0-9D85-F3E5CA2588D6}.Debug|Any CPU.Build.0 = Debug|Any CPU
		{ACED1F2D-9758-4FE0-9D85-F3E5CA2588D6}.Release|Any CPU.ActiveCfg = Release|Any CPU
		{ACED1F2D-9758-4FE0-9D85-F3E5CA2588D6}.Release|Any CPU.Build.0 = Release|Any CPU
		{1A72BED6-F119-4930-A9E4-73736143BF25}.Debug|Any CPU.ActiveCfg = Debug|Any CPU
		{1A72BED6-F119-4930-A9E4-73736143BF25}.Debug|Any CPU.Build.0 = Debug|Any CPU
		{1A72BED6-F119-4930-A9E4-73736143BF25}.Release|Any CPU.ActiveCfg = Release|Any CPU
		{1A72BED6-F119-4930-A9E4-73736143BF25}.Release|Any CPU.Build.0 = Release|Any CPU
		{C947DC59-7B23-400B-85AE-FF5BF96E3340}.Debug|Any CPU.ActiveCfg = Debug|Any CPU
		{C947DC59-7B23-400B-85AE-FF5BF96E3340}.Debug|Any CPU.Build.0 = Debug|Any CPU
		{C947DC59-7B23-400B-85AE-FF5BF96E3340}.Release|Any CPU.ActiveCfg = Release|Any CPU
		{C947DC59-7B23-400B-85AE-FF5BF96E3340}.Release|Any CPU.Build.0 = Release|Any CPU
		{E662BE99-C741-413A-9542-50AC86762DE9}.Debug|Any CPU.ActiveCfg = Debug|Any CPU
		{E662BE99-C741-413A-9542-50AC86762DE9}.Debug|Any CPU.Build.0 = Debug|Any CPU
		{E662BE99-C741-413A-9542-50AC86762DE9}.Release|Any CPU.ActiveCfg = Release|Any CPU
		{E662BE99-C741-413A-9542-50AC86762DE9}.Release|Any CPU.Build.0 = Release|Any CPU
		{43917664-CDD7-42FE-9D26-D76CF38991B4}.Debug|Any CPU.ActiveCfg = Debug|Any CPU
		{43917664-CDD7-42FE-9D26-D76CF38991B4}.Debug|Any CPU.Build.0 = Debug|Any CPU
		{43917664-CDD7-42FE-9D26-D76CF38991B4}.Release|Any CPU.ActiveCfg = Release|Any CPU
		{43917664-CDD7-42FE-9D26-D76CF38991B4}.Release|Any CPU.Build.0 = Release|Any CPU
		{FAB6DCB8-11FD-4937-89D8-E2E38AC58CE9}.Debug|Any CPU.ActiveCfg = Debug|Any CPU
		{FAB6DCB8-11FD-4937-89D8-E2E38AC58CE9}.Debug|Any CPU.Build.0 = Debug|Any CPU
		{FAB6DCB8-11FD-4937-89D8-E2E38AC58CE9}.Release|Any CPU.ActiveCfg = Release|Any CPU
		{FAB6DCB8-11FD-4937-89D8-E2E38AC58CE9}.Release|Any CPU.Build.0 = Release|Any CPU
		{85EB220F-2CA9-4C9D-A3F8-8822E4C01025}.Debug|Any CPU.ActiveCfg = Debug|Any CPU
		{85EB220F-2CA9-4C9D-A3F8-8822E4C01025}.Debug|Any CPU.Build.0 = Debug|Any CPU
		{85EB220F-2CA9-4C9D-A3F8-8822E4C01025}.Release|Any CPU.ActiveCfg = Release|Any CPU
		{85EB220F-2CA9-4C9D-A3F8-8822E4C01025}.Release|Any CPU.Build.0 = Release|Any CPU
		{148460E5-F470-4BE3-98A9-685F33845247}.Debug|Any CPU.ActiveCfg = Debug|Any CPU
		{148460E5-F470-4BE3-98A9-685F33845247}.Debug|Any CPU.Build.0 = Debug|Any CPU
		{148460E5-F470-4BE3-98A9-685F33845247}.Release|Any CPU.ActiveCfg = Release|Any CPU
		{148460E5-F470-4BE3-98A9-685F33845247}.Release|Any CPU.Build.0 = Release|Any CPU
		{250D65F0-C232-4DD1-A676-890683E32ACB}.Debug|Any CPU.ActiveCfg = Debug|Any CPU
		{250D65F0-C232-4DD1-A676-890683E32ACB}.Debug|Any CPU.Build.0 = Debug|Any CPU
		{250D65F0-C232-4DD1-A676-890683E32ACB}.Release|Any CPU.ActiveCfg = Release|Any CPU
		{250D65F0-C232-4DD1-A676-890683E32ACB}.Release|Any CPU.Build.0 = Release|Any CPU
	EndGlobalSection
	GlobalSection(SolutionProperties) = preSolution
		HideSolutionNode = FALSE
	EndGlobalSection
	GlobalSection(NestedProjects) = preSolution
		{2D292FF8-A97E-457E-9BE3-B2CB7340B834} = {5F2C33C7-A15A-4565-AE81-7EDD6FDA64B0}
		{D8560A13-1883-4499-9168-DB74D5307570} = {E6A3C481-CB0A-4ABD-B156-CFDF5B280A70}
		{DA8AF06C-96FA-489C-A636-42441E1687C9} = {E6A3C481-CB0A-4ABD-B156-CFDF5B280A70}
		{EFBE982F-1CE2-4987-9DB8-DE437E928002} = {E6A3C481-CB0A-4ABD-B156-CFDF5B280A70}
		{80EE2282-52A0-4F42-9A48-80ED9D47C53B} = {E6A3C481-CB0A-4ABD-B156-CFDF5B280A70}
		{891088BE-460C-452F-AFCD-597ABE5DDC77} = {E6A3C481-CB0A-4ABD-B156-CFDF5B280A70}
		{10D7DE4B-071E-431F-A3E6-5DA8DAB71B6F} = {98F4149D-96D9-4146-BEBD-8F0104BF8EDA}
		{094C0045-8EF6-4994-8150-584A362A2981} = {98F4149D-96D9-4146-BEBD-8F0104BF8EDA}
		{9C04BD6F-AADA-450D-AE6A-B3B837445123} = {98F4149D-96D9-4146-BEBD-8F0104BF8EDA}
		{D6AA6CD0-4EC0-48DA-88DD-F52F43250B6A} = {98F4149D-96D9-4146-BEBD-8F0104BF8EDA}
		{0B77FAE6-821A-40BE-B7B6-B7F0616BA9A8} = {98F4149D-96D9-4146-BEBD-8F0104BF8EDA}
		{66198AAC-5E70-4E88-BD74-BA15550F65B3} = {7A54EA67-C77C-4FCD-B81E-F1AA708894C3}
		{93044136-71C9-4CEB-93BD-8A72658CB7B8} = {10D7DE4B-071E-431F-A3E6-5DA8DAB71B6F}
		{ACED1F2D-9758-4FE0-9D85-F3E5CA2588D6} = {094C0045-8EF6-4994-8150-584A362A2981}
		{1A72BED6-F119-4930-A9E4-73736143BF25} = {9C04BD6F-AADA-450D-AE6A-B3B837445123}
		{C947DC59-7B23-400B-85AE-FF5BF96E3340} = {D6AA6CD0-4EC0-48DA-88DD-F52F43250B6A}
		{E662BE99-C741-413A-9542-50AC86762DE9} = {0B77FAE6-821A-40BE-B7B6-B7F0616BA9A8}
		{43917664-CDD7-42FE-9D26-D76CF38991B4} = {D8560A13-1883-4499-9168-DB74D5307570}
		{FAB6DCB8-11FD-4937-89D8-E2E38AC58CE9} = {DA8AF06C-96FA-489C-A636-42441E1687C9}
		{85EB220F-2CA9-4C9D-A3F8-8822E4C01025} = {EFBE982F-1CE2-4987-9DB8-DE437E928002}
		{148460E5-F470-4BE3-98A9-685F33845247} = {80EE2282-52A0-4F42-9A48-80ED9D47C53B}
		{250D65F0-C232-4DD1-A676-890683E32ACB} = {891088BE-460C-452F-AFCD-597ABE5DDC77}
	EndGlobalSection
	GlobalSection(ExtensibilityGlobals) = postSolution
		SolutionGuid = {F4FC3E05-1473-4237-B65A-9560D08308FF}
	EndGlobalSection
EndGlobal
